# THIS IS AN AUTOGENERATED FILE. DO NOT EDIT THIS FILE DIRECTLY.
# yarn lockfile v1


"slash-cli@D:\\workspace\\slash-cli/slash-cli-v0.1.1.tgz":
  version "0.1.1"
  resolved "D:\\workspace\\slash-cli/slash-cli-v0.1.1.tgz#d193ad82486fb6ca571a081afe6ff531613afdfd"
  dependencies:
    slash "^2.0.0"

slash@^2.0.0:
  version "2.0.0"
  resolved "https://registry.yarnpkg.com/slash/-/slash-2.0.0.tgz#de552851a1759df3a8f206535442f5ec4ddeab44"
  integrity sha512-ZYKh3Wh2z1PpEXWr0MpSBZ0V6mZHAQfYevttO11c51CaWjGTaadiKZ+wVt1PbMlDV5qhMFslpZCemhwOK7C89A==
